
Microsoft Visual Studio Solution File, Format Version 12.00
# Visual Studio Version 17
VisualStudioVersion = 17.0.31903.59
MinimumVisualStudioVersion = 10.0.40219.1
Project("{2150E333-8FDC-42A3-9474-1A3956D46DE8}") = "Solution Items", "Solution Items", "{326188FB-2CC0-4610-A082-708885BF47AA}"
	ProjectSection(SolutionItems) = preProject
		.gitignore = .gitignore
		.github\workflows\build-test.yml = .github\workflows\build-test.yml
		build.cmd = build.cmd
		build.sh = build.sh
		.config\dotnet-tools.json = .config\dotnet-tools.json
		global.json = global.json
		package.json = package.json
		paket.dependencies = paket.dependencies
		README.md = README.md
		RELEASE_NOTES.md = RELEASE_NOTES.md
	EndProjectSection
EndProject
Project("{6EC3EE1D-3C4E-46DD-8F32-0CC8E7565705}") = "ARCtrl.CWL", "src\CWL\ARCtrl.CWL.fsproj", "{1CD34A01-D19A-441F-8F3D-6EF69D9DDA8D}"
EndProject
Project("{6EC3EE1D-3C4E-46DD-8F32-0CC8E7565705}") = "ARCtrl.FileSystem", "src\FileSystem\ARCtrl.FileSystem.fsproj", "{F47E23C3-8415-4725-9E85-57271694DEB3}"
EndProject
Project("{2150E333-8FDC-42A3-9474-1A3956D46DE8}") = "src", "src", "{6DA2330B-D407-4FB1-AF05-B0184034EC44}"
EndProject
Project("{6EC3EE1D-3C4E-46DD-8F32-0CC8E7565705}") = "Build", "build\Build.fsproj", "{5EAFB0CD-1168-4FCA-AA61-E96AD6C85819}"
EndProject
Project("{2150E333-8FDC-42A3-9474-1A3956D46DE8}") = "ISA", "ISA", "{C61B3F43-2255-4585-9110-F8AB74F02654}"
	ProjectSection(SolutionItems) = preProject
		src\ISA\package.json = src\ISA\package.json
		src\ISA\README.md = src\ISA\README.md
	EndProjectSection
EndProject
Project("{6EC3EE1D-3C4E-46DD-8F32-0CC8E7565705}") = "ARCtrl.ISA", "src\ISA\ISA\ARCtrl.ISA.fsproj", "{67CF6725-6AC0-47FB-A725-6DC2192713B5}"
EndProject
Project("{6EC3EE1D-3C4E-46DD-8F32-0CC8E7565705}") = "ARCtrl.ISA.Json", "src\ISA\ISA.Json\ARCtrl.ISA.Json.fsproj", "{2CA397B2-0220-49A3-AD79-2F9F53633EC1}"
EndProject
Project("{2150E333-8FDC-42A3-9474-1A3956D46DE8}") = "tests", "tests", "{64B34A6E-318D-4E6E-9262-CE52C9B85A38}"
EndProject
Project("{2150E333-8FDC-42A3-9474-1A3956D46DE8}") = "ISA", "ISA", "{D1BBD7AE-35C8-498F-BABA-C93FFAE68037}"
EndProject
Project("{6EC3EE1D-3C4E-46DD-8F32-0CC8E7565705}") = "ISA.Tests", "tests\ISA\ISA.Tests\ISA.Tests.fsproj", "{36EAC61E-4318-47AD-ABC8-87BC2A8C9908}"
EndProject
Project("{6EC3EE1D-3C4E-46DD-8F32-0CC8E7565705}") = "ISA.Json.Tests", "tests\ISA\ISA.Json.Tests\ISA.Json.Tests.fsproj", "{04789F17-3DC2-4A09-848D-376E5D269740}"
EndProject
Project("{6EC3EE1D-3C4E-46DD-8F32-0CC8E7565705}") = "ARCtrl.ISA.Spreadsheet", "src\ISA\ISA.Spreadsheet\ARCtrl.ISA.Spreadsheet.fsproj", "{07C7942E-FC34-4C27-82C1-6B2972654BA7}"
EndProject
Project("{6EC3EE1D-3C4E-46DD-8F32-0CC8E7565705}") = "ISA.Spreadsheet.Tests", "tests\ISA\ISA.Spreadsheet.Tests\ISA.Spreadsheet.Tests.fsproj", "{656E8DAF-EFCF-472E-91D0-987D09B74523}"
EndProject
Project("{2150E333-8FDC-42A3-9474-1A3956D46DE8}") = "playground", "playground", "{45E972BE-0BFA-4DE3-B84A-D9F13C4E9D08}"
	ProjectSection(SolutionItems) = preProject
		playground\KevinF.fsx = playground\KevinF.fsx
		playground\testScript.fsx = playground\testScript.fsx
	EndProjectSection
EndProject
Project("{2150E333-8FDC-42A3-9474-1A3956D46DE8}") = "JavaScript", "JavaScript", "{913222CA-261F-49CB-A823-CC7C335F964A}"
	ProjectSection(SolutionItems) = preProject
		tests\JavaScript\ISA.CompositeHeader.js = tests\JavaScript\ISA.CompositeHeader.js
		tests\JavaScript\ISA.Person.js = tests\JavaScript\ISA.Person.js
		tests\JavaScript\Main.js = tests\JavaScript\Main.js
	EndProjectSection
EndProject
Project("{6EC3EE1D-3C4E-46DD-8F32-0CC8E7565705}") = "ARCtrl", "src\ARCtrl\ARCtrl.fsproj", "{9BE5D83D-EA90-4382-A132-174FD158227F}"
EndProject
Project("{6EC3EE1D-3C4E-46DD-8F32-0CC8E7565705}") = "ARCtrl.Tests", "tests\ARCtrl\ARCtrl.Tests.fsproj", "{801247D5-7EE5-49C8-AB26-F822A415BA49}"
EndProject
Project("{6EC3EE1D-3C4E-46DD-8F32-0CC8E7565705}") = "ARCtrl.Contract", "src\Contract\ARCtrl.Contract.fsproj", "{1945EE8A-F105-43A9-91C9-8C4422B9873E}"
EndProject
Project("{6EC3EE1D-3C4E-46DD-8F32-0CC8E7565705}") = "FileSystem.Tests", "tests\FileSystem\FileSystem.Tests.fsproj", "{D9FE196B-AC21-4C3E-B9AE-DDDEC2158BC3}"
EndProject
Project("{6EC3EE1D-3C4E-46DD-8F32-0CC8E7565705}") = "TestingUtils", "tests\TestingUtils\TestingUtils.fsproj", "{AA011593-6603-4E16-A7B0-0ED3862511DE}"
EndProject
Global
	GlobalSection(SolutionConfigurationPlatforms) = preSolution
		Debug|Any CPU = Debug|Any CPU
		Release|Any CPU = Release|Any CPU
	EndGlobalSection
	GlobalSection(ProjectConfigurationPlatforms) = postSolution
		{1CD34A01-D19A-441F-8F3D-6EF69D9DDA8D}.Debug|Any CPU.ActiveCfg = Debug|Any CPU
		{1CD34A01-D19A-441F-8F3D-6EF69D9DDA8D}.Debug|Any CPU.Build.0 = Debug|Any CPU
		{1CD34A01-D19A-441F-8F3D-6EF69D9DDA8D}.Release|Any CPU.ActiveCfg = Release|Any CPU
		{1CD34A01-D19A-441F-8F3D-6EF69D9DDA8D}.Release|Any CPU.Build.0 = Release|Any CPU
		{F47E23C3-8415-4725-9E85-57271694DEB3}.Debug|Any CPU.ActiveCfg = Debug|Any CPU
		{F47E23C3-8415-4725-9E85-57271694DEB3}.Debug|Any CPU.Build.0 = Debug|Any CPU
		{F47E23C3-8415-4725-9E85-57271694DEB3}.Release|Any CPU.ActiveCfg = Release|Any CPU
		{F47E23C3-8415-4725-9E85-57271694DEB3}.Release|Any CPU.Build.0 = Release|Any CPU
		{5EAFB0CD-1168-4FCA-AA61-E96AD6C85819}.Debug|Any CPU.ActiveCfg = Debug|Any CPU
		{5EAFB0CD-1168-4FCA-AA61-E96AD6C85819}.Debug|Any CPU.Build.0 = Debug|Any CPU
		{5EAFB0CD-1168-4FCA-AA61-E96AD6C85819}.Release|Any CPU.ActiveCfg = Release|Any CPU
		{5EAFB0CD-1168-4FCA-AA61-E96AD6C85819}.Release|Any CPU.Build.0 = Release|Any CPU
		{67CF6725-6AC0-47FB-A725-6DC2192713B5}.Debug|Any CPU.ActiveCfg = Debug|Any CPU
		{67CF6725-6AC0-47FB-A725-6DC2192713B5}.Debug|Any CPU.Build.0 = Debug|Any CPU
		{67CF6725-6AC0-47FB-A725-6DC2192713B5}.Release|Any CPU.ActiveCfg = Release|Any CPU
		{67CF6725-6AC0-47FB-A725-6DC2192713B5}.Release|Any CPU.Build.0 = Release|Any CPU
		{2CA397B2-0220-49A3-AD79-2F9F53633EC1}.Debug|Any CPU.ActiveCfg = Debug|Any CPU
		{2CA397B2-0220-49A3-AD79-2F9F53633EC1}.Debug|Any CPU.Build.0 = Debug|Any CPU
		{2CA397B2-0220-49A3-AD79-2F9F53633EC1}.Release|Any CPU.ActiveCfg = Release|Any CPU
		{2CA397B2-0220-49A3-AD79-2F9F53633EC1}.Release|Any CPU.Build.0 = Release|Any CPU
		{36EAC61E-4318-47AD-ABC8-87BC2A8C9908}.Debug|Any CPU.ActiveCfg = Debug|Any CPU
		{36EAC61E-4318-47AD-ABC8-87BC2A8C9908}.Debug|Any CPU.Build.0 = Debug|Any CPU
		{36EAC61E-4318-47AD-ABC8-87BC2A8C9908}.Release|Any CPU.ActiveCfg = Release|Any CPU
		{36EAC61E-4318-47AD-ABC8-87BC2A8C9908}.Release|Any CPU.Build.0 = Release|Any CPU
		{04789F17-3DC2-4A09-848D-376E5D269740}.Debug|Any CPU.ActiveCfg = Debug|Any CPU
		{04789F17-3DC2-4A09-848D-376E5D269740}.Debug|Any CPU.Build.0 = Debug|Any CPU
		{04789F17-3DC2-4A09-848D-376E5D269740}.Release|Any CPU.ActiveCfg = Release|Any CPU
		{04789F17-3DC2-4A09-848D-376E5D269740}.Release|Any CPU.Build.0 = Release|Any CPU
		{07C7942E-FC34-4C27-82C1-6B2972654BA7}.Debug|Any CPU.ActiveCfg = Debug|Any CPU
		{07C7942E-FC34-4C27-82C1-6B2972654BA7}.Debug|Any CPU.Build.0 = Debug|Any CPU
		{07C7942E-FC34-4C27-82C1-6B2972654BA7}.Release|Any CPU.ActiveCfg = Release|Any CPU
		{07C7942E-FC34-4C27-82C1-6B2972654BA7}.Release|Any CPU.Build.0 = Release|Any CPU
		{656E8DAF-EFCF-472E-91D0-987D09B74523}.Debug|Any CPU.ActiveCfg = Debug|Any CPU
		{656E8DAF-EFCF-472E-91D0-987D09B74523}.Debug|Any CPU.Build.0 = Debug|Any CPU
		{656E8DAF-EFCF-472E-91D0-987D09B74523}.Release|Any CPU.ActiveCfg = Release|Any CPU
		{656E8DAF-EFCF-472E-91D0-987D09B74523}.Release|Any CPU.Build.0 = Release|Any CPU
		{9BE5D83D-EA90-4382-A132-174FD158227F}.Debug|Any CPU.ActiveCfg = Debug|Any CPU
		{9BE5D83D-EA90-4382-A132-174FD158227F}.Debug|Any CPU.Build.0 = Debug|Any CPU
		{9BE5D83D-EA90-4382-A132-174FD158227F}.Release|Any CPU.ActiveCfg = Release|Any CPU
		{9BE5D83D-EA90-4382-A132-174FD158227F}.Release|Any CPU.Build.0 = Release|Any CPU
		{801247D5-7EE5-49C8-AB26-F822A415BA49}.Debug|Any CPU.ActiveCfg = Debug|Any CPU
		{801247D5-7EE5-49C8-AB26-F822A415BA49}.Debug|Any CPU.Build.0 = Debug|Any CPU
		{801247D5-7EE5-49C8-AB26-F822A415BA49}.Release|Any CPU.ActiveCfg = Release|Any CPU
		{801247D5-7EE5-49C8-AB26-F822A415BA49}.Release|Any CPU.Build.0 = Release|Any CPU
		{1945EE8A-F105-43A9-91C9-8C4422B9873E}.Debug|Any CPU.ActiveCfg = Debug|Any CPU
		{1945EE8A-F105-43A9-91C9-8C4422B9873E}.Debug|Any CPU.Build.0 = Debug|Any CPU
		{1945EE8A-F105-43A9-91C9-8C4422B9873E}.Release|Any CPU.ActiveCfg = Release|Any CPU
		{1945EE8A-F105-43A9-91C9-8C4422B9873E}.Release|Any CPU.Build.0 = Release|Any CPU
		{D9FE196B-AC21-4C3E-B9AE-DDDEC2158BC3}.Debug|Any CPU.ActiveCfg = Debug|Any CPU
		{D9FE196B-AC21-4C3E-B9AE-DDDEC2158BC3}.Debug|Any CPU.Build.0 = Debug|Any CPU
		{D9FE196B-AC21-4C3E-B9AE-DDDEC2158BC3}.Release|Any CPU.ActiveCfg = Release|Any CPU
		{D9FE196B-AC21-4C3E-B9AE-DDDEC2158BC3}.Release|Any CPU.Build.0 = Release|Any CPU
		{AA011593-6603-4E16-A7B0-0ED3862511DE}.Debug|Any CPU.ActiveCfg = Debug|Any CPU
		{AA011593-6603-4E16-A7B0-0ED3862511DE}.Debug|Any CPU.Build.0 = Debug|Any CPU
		{AA011593-6603-4E16-A7B0-0ED3862511DE}.Release|Any CPU.ActiveCfg = Release|Any CPU
		{AA011593-6603-4E16-A7B0-0ED3862511DE}.Release|Any CPU.Build.0 = Release|Any CPU
	EndGlobalSection
	GlobalSection(SolutionProperties) = preSolution
		HideSolutionNode = FALSE
	EndGlobalSection
	GlobalSection(NestedProjects) = preSolution
		{1CD34A01-D19A-441F-8F3D-6EF69D9DDA8D} = {6DA2330B-D407-4FB1-AF05-B0184034EC44}
		{F47E23C3-8415-4725-9E85-57271694DEB3} = {6DA2330B-D407-4FB1-AF05-B0184034EC44}
		{C61B3F43-2255-4585-9110-F8AB74F02654} = {6DA2330B-D407-4FB1-AF05-B0184034EC44}
		{67CF6725-6AC0-47FB-A725-6DC2192713B5} = {C61B3F43-2255-4585-9110-F8AB74F02654}
		{2CA397B2-0220-49A3-AD79-2F9F53633EC1} = {C61B3F43-2255-4585-9110-F8AB74F02654}
		{D1BBD7AE-35C8-498F-BABA-C93FFAE68037} = {64B34A6E-318D-4E6E-9262-CE52C9B85A38}
		{36EAC61E-4318-47AD-ABC8-87BC2A8C9908} = {D1BBD7AE-35C8-498F-BABA-C93FFAE68037}
		{04789F17-3DC2-4A09-848D-376E5D269740} = {D1BBD7AE-35C8-498F-BABA-C93FFAE68037}
		{07C7942E-FC34-4C27-82C1-6B2972654BA7} = {C61B3F43-2255-4585-9110-F8AB74F02654}
		{656E8DAF-EFCF-472E-91D0-987D09B74523} = {D1BBD7AE-35C8-498F-BABA-C93FFAE68037}
		{913222CA-261F-49CB-A823-CC7C335F964A} = {64B34A6E-318D-4E6E-9262-CE52C9B85A38}
		{9BE5D83D-EA90-4382-A132-174FD158227F} = {6DA2330B-D407-4FB1-AF05-B0184034EC44}
		{801247D5-7EE5-49C8-AB26-F822A415BA49} = {64B34A6E-318D-4E6E-9262-CE52C9B85A38}
		{1945EE8A-F105-43A9-91C9-8C4422B9873E} = {6DA2330B-D407-4FB1-AF05-B0184034EC44}
		{D9FE196B-AC21-4C3E-B9AE-DDDEC2158BC3} = {64B34A6E-318D-4E6E-9262-CE52C9B85A38}
		{AA011593-6603-4E16-A7B0-0ED3862511DE} = {64B34A6E-318D-4E6E-9262-CE52C9B85A38}
	EndGlobalSection
	GlobalSection(ExtensibilityGlobals) = postSolution
		SolutionGuid = {1E354DE6-99BA-421E-9EF8-E808B855A85F}
	EndGlobalSection
EndGlobal
