
Microsoft Visual Studio Solution File, Format Version 12.00
# Visual Studio Version 16
VisualStudioVersion = 16.0.30503.244
MinimumVisualStudioVersion = 15.0.26124.0
Project("{2150E333-8FDC-42A3-9474-1A3956D46DE8}") = "Solution Items", "Solution Items", "{6C30EF02-8A2F-4C2A-9FC4-4E4A125F6CE8}"
	ProjectSection(SolutionItems) = preProject
		.gitignore = .gitignore
		build.cmd = build.cmd
		build.fsx = build.fsx
		build.sh = build.sh
		.config\dotnet-tools.json = .config\dotnet-tools.json
		RELEASE_NOTES.md = RELEASE_NOTES.md
	EndProjectSection
EndProject
Project("{6EC3EE1D-3C4E-46DD-8F32-0CC8E7565705}") = "ISADotNet", "src\ISADotNet\ISADotNet.fsproj", "{9E483227-E440-4E2E-AB42-A349FAE90EF2}"
EndProject
Project("{6EC3EE1D-3C4E-46DD-8F32-0CC8E7565705}") = "ISADotNet.XLSX", "src\ISADotNet.XLSX\ISADotNet.XLSX.fsproj", "{43498867-CEEE-4B1B-986E-A72514BE5CB7}"
EndProject
Project("{6EC3EE1D-3C4E-46DD-8F32-0CC8E7565705}") = "ISADotNet.Tests", "tests\ISADotNet.Tests\ISADotNet.Tests.fsproj", "{52533526-F0CF-4200-A8BC-7D3453B7858E}"
EndProject
Project("{2150E333-8FDC-42A3-9474-1A3956D46DE8}") = "docs", "docs", "{BF89DA8A-6623-409E-9902-E90D6327AE97}"
	ProjectSection(SolutionItems) = preProject
		docs\1_fsharp-code-example.fsx = docs\1_fsharp-code-example.fsx
		docs\2_inline-references.fsx = docs\2_inline-references.fsx
		docs\3_notebooks.fsx = docs\3_notebooks.fsx
		docs\Home.fsx = docs\Home.fsx
		docs\index.fsx = docs\index.fsx
	EndProjectSection
EndProject
Global
	GlobalSection(SolutionConfigurationPlatforms) = preSolution
		Debug|Any CPU = Debug|Any CPU
		Release|Any CPU = Release|Any CPU
	EndGlobalSection
	GlobalSection(ProjectConfigurationPlatforms) = postSolution
		{9E483227-E440-4E2E-AB42-A349FAE90EF2}.Debug|Any CPU.ActiveCfg = Debug|Any CPU
		{9E483227-E440-4E2E-AB42-A349FAE90EF2}.Debug|Any CPU.Build.0 = Debug|Any CPU
		{9E483227-E440-4E2E-AB42-A349FAE90EF2}.Release|Any CPU.ActiveCfg = Release|Any CPU
		{9E483227-E440-4E2E-AB42-A349FAE90EF2}.Release|Any CPU.Build.0 = Release|Any CPU
		{43498867-CEEE-4B1B-986E-A72514BE5CB7}.Debug|Any CPU.ActiveCfg = Debug|Any CPU
		{43498867-CEEE-4B1B-986E-A72514BE5CB7}.Debug|Any CPU.Build.0 = Debug|Any CPU
		{43498867-CEEE-4B1B-986E-A72514BE5CB7}.Release|Any CPU.ActiveCfg = Release|Any CPU
		{43498867-CEEE-4B1B-986E-A72514BE5CB7}.Release|Any CPU.Build.0 = Release|Any CPU
		{52533526-F0CF-4200-A8BC-7D3453B7858E}.Debug|Any CPU.ActiveCfg = Debug|Any CPU
		{52533526-F0CF-4200-A8BC-7D3453B7858E}.Debug|Any CPU.Build.0 = Debug|Any CPU
		{52533526-F0CF-4200-A8BC-7D3453B7858E}.Release|Any CPU.ActiveCfg = Release|Any CPU
		{52533526-F0CF-4200-A8BC-7D3453B7858E}.Release|Any CPU.Build.0 = Release|Any CPU
	EndGlobalSection
	GlobalSection(SolutionProperties) = preSolution
		HideSolutionNode = FALSE
	EndGlobalSection
	GlobalSection(ExtensibilityGlobals) = postSolution
		SolutionGuid = {F4FA3718-6BBE-44B3-A581-3309B3967A0A}
	EndGlobalSection
EndGlobal
