
Microsoft Visual Studio Solution File, Format Version 12.00
# Visual Studio Version 17
VisualStudioVersion = 17.3.32929.385
MinimumVisualStudioVersion = 15.0.26124.0
Project("{2150E333-8FDC-42A3-9474-1A3956D46DE8}") = "Solution Items", "Solution Items", "{6C30EF02-8A2F-4C2A-9FC4-4E4A125F6CE8}"
	ProjectSection(SolutionItems) = preProject
		.gitignore = .gitignore
		.github\workflows\build-test.yml = .github\workflows\build-test.yml
		build.cmd = build.cmd
		build.sh = build.sh
		.config\dotnet-tools.json = .config\dotnet-tools.json
		global.json = global.json
		README.md = README.md
		RELEASE_NOTES.md = RELEASE_NOTES.md
	EndProjectSection
EndProject
Project("{6EC3EE1D-3C4E-46DD-8F32-0CC8E7565705}") = "Build", "build\Build.fsproj", "{FD9BB9F2-D4D7-4045-9AF7-5498B602E28E}"
EndProject
Project("{2150E333-8FDC-42A3-9474-1A3956D46DE8}") = "src", "src", "{D9A16EAC-E6EB-43E4-A7F5-31A06CDCE25A}"
EndProject
Project("{6EC3EE1D-3C4E-46DD-8F32-0CC8E7565705}") = "ISADotNet", "src\ISADotNet\ISADotNet.fsproj", "{C2480583-B022-4EE8-A25C-7FD7DFB69077}"
EndProject
Project("{6EC3EE1D-3C4E-46DD-8F32-0CC8E7565705}") = "ISADotNet.Validation", "src\ISADotNet.Validation\ISADotNet.Validation.fsproj", "{17AED45A-571E-4D14-9BAB-6D6B1E6AC3F8}"
EndProject
Project("{6EC3EE1D-3C4E-46DD-8F32-0CC8E7565705}") = "ISADotNet.Viz", "src\ISADotNet.Viz\ISADotNet.Viz.fsproj", "{D62016A5-CBE1-40B6-807D-5FAD8FC62467}"
EndProject
Project("{2150E333-8FDC-42A3-9474-1A3956D46DE8}") = "tests", "tests", "{1C70FABC-B459-4437-AFA6-551C911D5442}"
EndProject
Project("{6EC3EE1D-3C4E-46DD-8F32-0CC8E7565705}") = "ISADotNet.Tests", "tests\ISADotNet.Tests\ISADotNet.Tests.fsproj", "{E9D22F21-87F6-44EB-9B11-15FD8AB7E10B}"
EndProject
Project("{6EC3EE1D-3C4E-46DD-8F32-0CC8E7565705}") = "ISADotNet.Json", "src\ISADotNet.Json\ISADotNet.Json.fsproj", "{E86D2965-B37E-410A-8AA4-BB0DB778120D}"
EndProject
Project("{6EC3EE1D-3C4E-46DD-8F32-0CC8E7565705}") = "ISADotNet.Json.Tests", "tests\ISADotNet.Json.Tests\ISADotNet.Json.Tests.fsproj", "{8CC36449-C699-4A8E-849E-F25D71830BB2}"
EndProject
Global
	GlobalSection(SolutionConfigurationPlatforms) = preSolution
		Debug|Any CPU = Debug|Any CPU
		Release|Any CPU = Release|Any CPU
	EndGlobalSection
	GlobalSection(ProjectConfigurationPlatforms) = postSolution
		{FD9BB9F2-D4D7-4045-9AF7-5498B602E28E}.Debug|Any CPU.ActiveCfg = Debug|Any CPU
		{FD9BB9F2-D4D7-4045-9AF7-5498B602E28E}.Debug|Any CPU.Build.0 = Debug|Any CPU
		{FD9BB9F2-D4D7-4045-9AF7-5498B602E28E}.Release|Any CPU.ActiveCfg = Release|Any CPU
		{FD9BB9F2-D4D7-4045-9AF7-5498B602E28E}.Release|Any CPU.Build.0 = Release|Any CPU
		{C2480583-B022-4EE8-A25C-7FD7DFB69077}.Debug|Any CPU.ActiveCfg = Debug|Any CPU
		{C2480583-B022-4EE8-A25C-7FD7DFB69077}.Debug|Any CPU.Build.0 = Debug|Any CPU
		{C2480583-B022-4EE8-A25C-7FD7DFB69077}.Release|Any CPU.ActiveCfg = Release|Any CPU
		{C2480583-B022-4EE8-A25C-7FD7DFB69077}.Release|Any CPU.Build.0 = Release|Any CPU
		{17AED45A-571E-4D14-9BAB-6D6B1E6AC3F8}.Debug|Any CPU.ActiveCfg = Debug|Any CPU
		{17AED45A-571E-4D14-9BAB-6D6B1E6AC3F8}.Debug|Any CPU.Build.0 = Debug|Any CPU
		{17AED45A-571E-4D14-9BAB-6D6B1E6AC3F8}.Release|Any CPU.ActiveCfg = Release|Any CPU
		{17AED45A-571E-4D14-9BAB-6D6B1E6AC3F8}.Release|Any CPU.Build.0 = Release|Any CPU
		{D62016A5-CBE1-40B6-807D-5FAD8FC62467}.Debug|Any CPU.ActiveCfg = Debug|Any CPU
		{D62016A5-CBE1-40B6-807D-5FAD8FC62467}.Debug|Any CPU.Build.0 = Debug|Any CPU
		{D62016A5-CBE1-40B6-807D-5FAD8FC62467}.Release|Any CPU.ActiveCfg = Release|Any CPU
		{D62016A5-CBE1-40B6-807D-5FAD8FC62467}.Release|Any CPU.Build.0 = Release|Any CPU
		{E9D22F21-87F6-44EB-9B11-15FD8AB7E10B}.Debug|Any CPU.ActiveCfg = Debug|Any CPU
		{E9D22F21-87F6-44EB-9B11-15FD8AB7E10B}.Debug|Any CPU.Build.0 = Debug|Any CPU
		{E9D22F21-87F6-44EB-9B11-15FD8AB7E10B}.Release|Any CPU.ActiveCfg = Release|Any CPU
		{E9D22F21-87F6-44EB-9B11-15FD8AB7E10B}.Release|Any CPU.Build.0 = Release|Any CPU
		{E86D2965-B37E-410A-8AA4-BB0DB778120D}.Debug|Any CPU.ActiveCfg = Debug|Any CPU
		{E86D2965-B37E-410A-8AA4-BB0DB778120D}.Debug|Any CPU.Build.0 = Debug|Any CPU
		{E86D2965-B37E-410A-8AA4-BB0DB778120D}.Release|Any CPU.ActiveCfg = Release|Any CPU
		{E86D2965-B37E-410A-8AA4-BB0DB778120D}.Release|Any CPU.Build.0 = Release|Any CPU
		{8CC36449-C699-4A8E-849E-F25D71830BB2}.Debug|Any CPU.ActiveCfg = Debug|Any CPU
		{8CC36449-C699-4A8E-849E-F25D71830BB2}.Debug|Any CPU.Build.0 = Debug|Any CPU
		{8CC36449-C699-4A8E-849E-F25D71830BB2}.Release|Any CPU.ActiveCfg = Release|Any CPU
		{8CC36449-C699-4A8E-849E-F25D71830BB2}.Release|Any CPU.Build.0 = Release|Any CPU
	EndGlobalSection
	GlobalSection(SolutionProperties) = preSolution
		HideSolutionNode = FALSE
	EndGlobalSection
	GlobalSection(NestedProjects) = preSolution
		{C2480583-B022-4EE8-A25C-7FD7DFB69077} = {D9A16EAC-E6EB-43E4-A7F5-31A06CDCE25A}
		{17AED45A-571E-4D14-9BAB-6D6B1E6AC3F8} = {D9A16EAC-E6EB-43E4-A7F5-31A06CDCE25A}
		{D62016A5-CBE1-40B6-807D-5FAD8FC62467} = {D9A16EAC-E6EB-43E4-A7F5-31A06CDCE25A}
		{E9D22F21-87F6-44EB-9B11-15FD8AB7E10B} = {1C70FABC-B459-4437-AFA6-551C911D5442}
		{E86D2965-B37E-410A-8AA4-BB0DB778120D} = {D9A16EAC-E6EB-43E4-A7F5-31A06CDCE25A}
		{8CC36449-C699-4A8E-849E-F25D71830BB2} = {1C70FABC-B459-4437-AFA6-551C911D5442}
	EndGlobalSection
	GlobalSection(ExtensibilityGlobals) = postSolution
		SolutionGuid = {F4FA3718-6BBE-44B3-A581-3309B3967A0A}
	EndGlobalSection
EndGlobal
