{
  "version": 2,
  "dependencies": {
    "net8.0": {
      "Fable.Node": {
        "type": "Direct",
        "requested": "[1.2.0, )",
        "resolved": "1.2.0",
        "contentHash": "FVUFFcryE6pldYopULB+mpRtE6cmlG1evvVE9wDB0O8JKWLGrStHmNF4fqn7cyN1j2ufsvlPcw88PqoCt2OGuQ==",
        "dependencies": {
          "FSharp.Core": "5.0.0",
          "Fable.Core": "3.1.2"
        }
      },
      "Fable.Pyxpecto": {
        "type": "Direct",
        "requested": "[1.2.0, )",
        "resolved": "1.2.0",
        "contentHash": "I6jt1fCXXOipJ9tocdBstBK/LFOXa74e6v1GzeiqyWS+v0Lk4xH4NuD2f9g1todETt7A20ib7hvQigMNKqN0Aw==",
        "dependencies": {
          "FSharp.Core": "5.0.0",
          "Fable.Core": "4.1.0",
          "Fable.Python": "4.3.0"
        }
      },
      "Fable.Browser.Blob": {
        "type": "Transitive",
        "resolved": "1.2.0",
        "contentHash": "bM4zbtIeycTFFCH7o4WuN28W70dTxNTMZiMvR70XUTYrBnbz7GpS5XxzUy5caDB4l7s2l7wiuVDhh52t7NXxDg==",
        "dependencies": {
          "FSharp.Core": "4.7.2",
          "Fable.Core": "3.0.0"
        }
      },
      "Fable.Browser.Dom": {
        "type": "Transitive",
        "resolved": "1.0.0",
        "contentHash": "ZodpIKYuKnUnqN71Fi103mh0joFYrRPGwpYOrpbZ149PkVAW7DNKXgxad5lsi9df7vAe5+sBhhO71TPREZaWlw==",
        "dependencies": {
          "FSharp.Core": "4.5.2",
          "Fable.Browser.Blob": "1.0.0",
          "Fable.Browser.Event": "1.0.0",
          "Fable.Browser.WebStorage": "1.0.0",
          "Fable.Core": "3.0.0"
        }
      },
      "Fable.Browser.Event": {
        "type": "Transitive",
        "resolved": "1.5.0",
        "contentHash": "Bx2AOOASIG1Eq1Pe8869H8baMePte6STmKGccGuOYMT2p6nWVS8G6ZBZb5encQ0tAL2/0vhA4KJOl4bYwUaQqg==",
        "dependencies": {
          "FSharp.Core": "4.7.2",
          "Fable.Browser.Gamepad": "1.1.0",
          "Fable.Core": "3.0.0"
        }
      },
      "Fable.Browser.Gamepad": {
        "type": "Transitive",
        "resolved": "1.1.0",
        "contentHash": "8m/Ae/mrH2Hb2ue435rTPEeVb2FhfWsRJJLpCxMvk+5EUOO2+IIjIkLq4thUfRL98uQVt9V5cQd14h2aBf2XJA==",
        "dependencies": {
          "FSharp.Core": "4.7.2",
          "Fable.Core": "3.0.0"
        }
      },
      "Fable.Browser.WebStorage": {
        "type": "Transitive",
        "resolved": "1.0.0",
        "contentHash": "ZqnZKYkhPO+wmJPxQqtiwSc3zCC/mB37SPlVi4ZLiHoPFnra7SQ3qaRn4/ENYTeaVtVq92eVaYbTyAOnFn+GPA==",
        "dependencies": {
          "FSharp.Core": "4.5.2",
          "Fable.Browser.Event": "1.0.0",
          "Fable.Core": "3.0.0"
        }
      },
      "Fable.Browser.XMLHttpRequest": {
        "type": "Transitive",
        "resolved": "1.1.0",
        "contentHash": "27p/F8781NrnV9vQ23RhX10ww9MDkX+Yi3yTiV9s8U8Bufi/VCCjS4swX0LXvgKQANN3k87CwaNeiO75r2U7gw==",
        "dependencies": {
          "FSharp.Core": "4.6.2",
          "Fable.Browser.Blob": "1.1.0",
          "Fable.Browser.Event": "1.0.0",
          "Fable.Core": "3.0.0"
        }
      },
      "Fable.Promise": {
        "type": "Transitive",
        "resolved": "2.2.2",
        "contentHash": "yHFSo7GCY0l/Wjskh/HESuFoGzXIoRM22UlrARA5ewnX736Y1wM27kcqCWeGcIzaEsgJnZcDkp093M0gQyMcWA==",
        "dependencies": {
          "FSharp.Core": "4.7.2",
          "Fable.Core": "3.1.5"
        }
      },
      "Fable.Python": {
        "type": "Transitive",
        "resolved": "4.3.0",
        "contentHash": "KT5PI4NyMtVLDcmDkf5SeqwtFjVO17u27xr45qXfYWG12UePHxGjQJoI16OafIzlEQ6cHfAuRljhZGKIlvOJNQ==",
        "dependencies": {
          "FSharp.Core": "4.7.2",
          "Fable.Core": "[4.1.0, 5.0.0)"
        }
      },
      "Newtonsoft.Json": {
        "type": "Transitive",
        "resolved": "13.0.1",
        "contentHash": "ppPFpBcvxdsfUonNcvITKqLl3bqxWbDCZIzDWHzjpdAHRFfZe0Dw9HmA0+za13IdyrgJwpkDTDA9fHaxOrt20A=="
      },
      "arctrl": {
        "type": "Project",
        "dependencies": {
          "ARCtrl.CWL": "[1.0.0, )",
          "ARCtrl.Contract": "[1.0.0, )",
          "ARCtrl.FileSystem": "[1.0.0, )",
          "ARCtrl.Json": "[1.0.0, )",
          "ARCtrl.ROCrate": "[1.0.0, )",
          "ARCtrl.Spreadsheet": "[1.0.0, )",
          "Fable.SimpleHttp": "[3.5.0, )",
          "Thoth.Json.Newtonsoft": "[0.2.0, )"
        }
      },
      "arctrl.contract": {
        "type": "Project",
        "dependencies": {
          "ARCtrl.Core": "[1.0.0, )",
          "ARCtrl.Json": "[1.0.0, )",
          "ARCtrl.Spreadsheet": "[1.0.0, )",
          "ARCtrl.Yaml": "[1.0.0, )"
        }
      },
      "arctrl.core": {
        "type": "Project",
        "dependencies": {
          "ARCtrl.CWL": "[1.0.0, )",
          "ARCtrl.FileSystem": "[1.0.0, )"
        }
      },
      "arctrl.cwl": {
        "type": "Project"
      },
      "arctrl.filesystem": {
        "type": "Project",
        "dependencies": {
          "Fable.Core": "[4.3.0, )"
        }
      },
      "arctrl.javascript": {
        "type": "Project",
        "dependencies": {
          "ARCtrl.CWL": "[1.0.0, )",
          "ARCtrl.Contract": "[1.0.0, )",
          "ARCtrl.FileSystem": "[1.0.0, )",
          "ARCtrl.Json": "[1.0.0, )",
          "ARCtrl.Spreadsheet": "[1.0.0, )",
          "Fable.Fetch": "[2.6.0, )",
          "Fable.SimpleHttp": "[3.5.0, )",
          "Thoth.Json.Javascript": "[0.3.0, )"
        }
      },
      "arctrl.json": {
        "type": "Project",
        "dependencies": {
          "ARCtrl.Core": "[1.0.0, )",
          "ARCtrl.ROCrate": "[1.0.0, )",
          "Thoth.Json.Core": "[0.4.0, )"
        }
      },
      "arctrl.rocrate": {
        "type": "Project",
        "dependencies": {
          "DynamicObj": "[4.0.0, )",
          "Thoth.Json.Core": "[0.4.0, )"
        }
      },
      "arctrl.spreadsheet": {
        "type": "Project",
        "dependencies": {
          "ARCtrl.Core": "[1.0.0, )",
          "ARCtrl.FileSystem": "[1.0.0, )",
          "FsSpreadsheet": "[6.3.0-alpha.4, )"
        }
      },
      "arctrl.validationpackages": {
        "type": "Project",
        "dependencies": {
          "ARCtrl.Core": "[1.0.0, )"
        }
      },
      "arctrl.yaml": {
        "type": "Project",
        "dependencies": {
          "ARCtrl.Core": "[1.0.0, )",
          "ARCtrl.ValidationPackages": "[1.0.0, )",
          "YAMLicious": "[0.0.1, )"
        }
      },
      "DynamicObj": {
        "type": "CentralTransitive",
        "requested": "[4.0.0, )",
        "resolved": "4.0.0",
        "contentHash": "BoJawULfNYty61v2F5ZRY/DSUTA9TEZrUBR823ggHGZgV1AXbGlZIeFgTJ3rF8+R96bIyXqNOTiQNbcvzEhNfQ==",
        "dependencies": {
          "FSharp.Core": "8.0.400",
          "Fable.Core": "4.3.0"
        }
      },
      "Fable.Core": {
        "type": "CentralTransitive",
        "requested": "[4.3.0, )",
        "resolved": "4.3.0",
        "contentHash": "sbK+hYs7H7I3b3sbgttI4GlvQfNPcIqSz1qPSagF3QbVA46KJ/pWSXC/Dwv0s9M6AeRGmoqcIeD7GUaLn41zkA=="
      },
      "Fable.Fetch": {
        "type": "CentralTransitive",
        "requested": "[2.6.0, )",
        "resolved": "2.6.0",
        "contentHash": "zhCl95EYeuKcc7bk2jGHLSuLhkPqvRcrlwC91GqgX51BlQ7WJF2IQ7mUxW2n1mg74M1D2VOwEKqQpTAZDCVa8Q==",
        "dependencies": {
          "FSharp.Core": "4.7.2",
          "Fable.Browser.Blob": "1.2.0",
          "Fable.Browser.Event": "1.5.0",
          "Fable.Core": "3.7.1",
          "Fable.Promise": "2.2.2"
        }
      },
      "Fable.Package.SDK": {
        "type": "CentralTransitive",
        "requested": "[1.0.0, )",
        "resolved": "1.0.0",
        "contentHash": "TIXktcGpeqE3QOr2coV+w5erpLtfijpfBilhb0MNV2OSao/Y5Zg3r7StF+wZ4jSm4Pkid4HpjshZB/V9fUc/Ew=="
      },
      "Fable.SimpleHttp": {
        "type": "CentralTransitive",
        "requested": "[3.5.0, )",
        "resolved": "3.5.0",
        "contentHash": "SWYshvAI90JcdGLsUmTWBG9eaazY6ihdIk/uehrEz/VqMx9qX+e7+PzYaw31DMwGYSva9/mpq9s69T/z8Ubl5Q==",
        "dependencies": {
          "FSharp.Core": "4.6.2",
          "Fable.Browser.Dom": "1.0.0",
          "Fable.Browser.XMLHttpRequest": "1.1.0",
          "Fable.Core": "3.0.0"
        }
      },
      "FSharp.Core": {
        "type": "CentralTransitive",
        "requested": "[8.0.1, )",
        "resolved": "8.0.400",
        "contentHash": "kHMdDDmlZl98tujgHCmL8/HNH9VKbxsRMC9s7wbwr4noR40SSa5D4d00yF8cMK52s8jabVuiLLcrUw9r+PkKDQ=="
      },
      "FsSpreadsheet": {
        "type": "CentralTransitive",
        "requested": "[6.3.0-alpha.4, )",
        "resolved": "6.3.0-alpha.4",
        "contentHash": "XBjvsfQ3aC3q7W2BcoMJ9Wo6DkH1FLmuAmsGa4CSWmIcDSXPu/Gsg3cl7kDQfdOKonAe1uEnb5KPqEHdjGkNQg==",
        "dependencies": {
          "FSharp.Core": "6.0.7",
          "Fable.Package.SDK": "1.0.0",
          "Thoth.Json.Core": "0.4.0"
        }
      },
      "Thoth.Json.Core": {
        "type": "CentralTransitive",
        "requested": "[0.4.0, )",
        "resolved": "0.4.0",
        "contentHash": "+9ECg/XDpLHsa5pPW8x9ZsZL4bWZqhgTScHHuhxqgjxYRwwoi41oushdfEHZ8WoQwmNdCPCljSkX1nTZ91muVw==",
        "dependencies": {
          "FSharp.Core": "5.0.0",
          "Fable.Core": "4.1.0",
          "Fable.Package.SDK": "1.0.0"
        }
      },
      "Thoth.Json.JavaScript": {
        "type": "CentralTransitive",
        "requested": "[0.3.0, )",
        "resolved": "0.3.0",
        "contentHash": "A4Cwv+RigC52/OdcrU2woEvjd6rsiDlQGDNTqwXYe3Yh6cdzcLWTfmmwTuCOXgV8SMbcSkviqiS2AG5BS42ayg==",
        "dependencies": {
          "FSharp.Core": "5.0.0",
          "Fable.Core": "4.1.0",
          "Fable.Package.SDK": "1.0.0",
          "Thoth.Json.Core": "0.4.0"
        }
      },
      "Thoth.Json.Newtonsoft": {
        "type": "CentralTransitive",
        "requested": "[0.2.0, )",
        "resolved": "0.2.0",
        "contentHash": "dMQOT6TJftO97c8gHWFegfSw/0/E+VdhGaSkf3e1Ba+DjrAESLA9HMlYyE30x7nhn7w5SfH1WO9YyzSRTV4Ysg==",
        "dependencies": {
          "FSharp.Core": "5.0.0",
          "Fable.Core": "4.1.0",
          "Fable.Package.SDK": "0.1.0",
          "Newtonsoft.Json": "13.0.1",
          "Thoth.Json.Core": "0.3.0"
        }
      },
      "YAMLicious": {
        "type": "CentralTransitive",
        "requested": "[0.0.1, )",
        "resolved": "0.0.1",
        "contentHash": "3QQH1VxkTdtU/RZgrzZwNNLAt8zg2Di65wh1dgS2OB1IT3NqFGyjhU+A60siB1+8rxXUe4Ou5nOVGvgDtydYug==",
        "dependencies": {
          "FSharp.Core": "8.0.300",
          "Fable.Core": "4.3.0"
        }
      }
    }
  }
}