{
  "version": 2,
  "dependencies": {
    ".NETStandard,Version=v2.0": {
      "Fable.Package.SDK": {
        "type": "Direct",
        "requested": "[1.1.0, )",
        "resolved": "1.1.0",
        "contentHash": "YEMSyiB/HCpBgDSZUr0LHaTa9vYH+xj8Fvd/AvzUAVbLQ3Bc2l9xHOI9g4+Bh1wGsLFrhMwFW+U39D7m5a6oOw=="
      },
      "NETStandard.Library": {
        "type": "Direct",
        "requested": "[2.0.3, )",
        "resolved": "2.0.3",
        "contentHash": "st47PosZSHrjECdjeIzZQbzivYBJFv6P2nv4cj2ypdI204DO+vZ7l5raGMiX4eXMJ53RfOIg+/s4DHVZ54Nu2A==",
        "dependencies": {
          "Microsoft.NETCore.Platforms": "1.1.0"
        }
      },
      "Microsoft.NETCore.Platforms": {
        "type": "Transitive",
        "resolved": "1.1.0",
        "contentHash": "kz0PEW2lhqygehI/d6XsPCQzD7ff7gUJaVGPVETX611eadGsA3A877GdSlU0LRVMCTH/+P3o2iDTak+S08V2+A=="
      },
      "arctrl.cwl": {
        "type": "Project",
        "dependencies": {
          "Fable.Package.SDK": "[1.1.0, )"
        }
      },
      "arctrl.filesystem": {
        "type": "Project",
        "dependencies": {
          "Fable.Core": "[4.3.0, )",
          "Fable.Package.SDK": "[1.1.0, )"
        }
      },
      "Fable.Core": {
        "type": "CentralTransitive",
        "requested": "[4.3.0, )",
        "resolved": "4.3.0",
        "contentHash": "sbK+hYs7H7I3b3sbgttI4GlvQfNPcIqSz1qPSagF3QbVA46KJ/pWSXC/Dwv0s9M6AeRGmoqcIeD7GUaLn41zkA=="
      }
    }
  }
}