{
  "version": 2,
  "dependencies": {
    ".NETStandard,Version=v2.0": {
      "DynamicObj": {
        "type": "Direct",
        "requested": "[4.0.0, )",
        "resolved": "4.0.0",
        "contentHash": "BoJawULfNYty61v2F5ZRY/DSUTA9TEZrUBR823ggHGZgV1AXbGlZIeFgTJ3rF8+R96bIyXqNOTiQNbcvzEhNfQ==",
        "dependencies": {
          "FSharp.Core": "8.0.400",
          "Fable.Core": "4.3.0"
        }
      },
      "NETStandard.Library": {
        "type": "Direct",
        "requested": "[2.0.3, )",
        "resolved": "2.0.3",
        "contentHash": "st47PosZSHrjECdjeIzZQbzivYBJFv6P2nv4cj2ypdI204DO+vZ7l5raGMiX4eXMJ53RfOIg+/s4DHVZ54Nu2A==",
        "dependencies": {
          "Microsoft.NETCore.Platforms": "1.1.0"
        }
      },
      "Thoth.Json.Core": {
        "type": "Direct",
        "requested": "[0.4.0, )",
        "resolved": "0.4.0",
        "contentHash": "+9ECg/XDpLHsa5pPW8x9ZsZL4bWZqhgTScHHuhxqgjxYRwwoi41oushdfEHZ8WoQwmNdCPCljSkX1nTZ91muVw==",
        "dependencies": {
          "FSharp.Core": "5.0.0",
          "Fable.Core": "4.1.0",
          "Fable.Package.SDK": "1.0.0"
        }
      },
      "Microsoft.NETCore.Platforms": {
        "type": "Transitive",
        "resolved": "1.1.0",
        "contentHash": "kz0PEW2lhqygehI/d6XsPCQzD7ff7gUJaVGPVETX611eadGsA3A877GdSlU0LRVMCTH/+P3o2iDTak+S08V2+A=="
      },
      "Fable.Core": {
        "type": "CentralTransitive",
        "requested": "[4.3.0, )",
        "resolved": "4.3.0",
        "contentHash": "sbK+hYs7H7I3b3sbgttI4GlvQfNPcIqSz1qPSagF3QbVA46KJ/pWSXC/Dwv0s9M6AeRGmoqcIeD7GUaLn41zkA=="
      },
      "Fable.Package.SDK": {
        "type": "CentralTransitive",
        "requested": "[1.0.0, )",
        "resolved": "1.0.0",
        "contentHash": "TIXktcGpeqE3QOr2coV+w5erpLtfijpfBilhb0MNV2OSao/Y5Zg3r7StF+wZ4jSm4Pkid4HpjshZB/V9fUc/Ew=="
      },
      "FSharp.Core": {
        "type": "CentralTransitive",
        "requested": "[8.0.1, )",
        "resolved": "8.0.400",
        "contentHash": "kHMdDDmlZl98tujgHCmL8/HNH9VKbxsRMC9s7wbwr4noR40SSa5D4d00yF8cMK52s8jabVuiLLcrUw9r+PkKDQ=="
      }
    }
  }
}